
Microsoft Visual Studio Solution File, Format Version 11.00
# Visual Studio 2010
Project("{FAE04EC0-301F-11D3-BF4B-00C04F79EFBC}") = "UploadDemo.Web", "UploadDemo.Web\UploadDemo.Web.csproj", "{661EFA3E-429F-4633-9866-C7618748444E}"
EndProject
Global
	GlobalSection(SolutionConfigurationPlatforms) = preSolution
		Debug|Any CPU = Debug|Any CPU
		Release|Any CPU = Release|Any CPU
	EndGlobalSection
	GlobalSection(ProjectConfigurationPlatforms) = postSolution
		{661EFA3E-429F-4633-9866-C7618748444E}.Debug|Any CPU.ActiveCfg = Debug|Any CPU
		{661EFA3E-429F-4633-9866-C7618748444E}.Debug|Any CPU.Build.0 = Debug|Any CPU
		{661EFA3E-429F-4633-9866-C7618748444E}.Release|Any CPU.ActiveCfg = Release|Any CPU
		{661EFA3E-429F-4633-9866-C7618748444E}.Release|Any CPU.Build.0 = Release|Any CPU
	EndGlobalSection
	GlobalSection(SolutionProperties) = preSolution
		HideSolutionNode = FALSE
	EndGlobalSection
EndGlobal
